
Microsoft Visual Studio Solution File, Format Version 12.00
# Visual Studio 2013
VisualStudioVersion = 12.0.21005.1
MinimumVisualStudioVersion = 10.0.40219.1
Project("{FAE04EC0-301F-11D3-BF4B-00C04F79EFBC}") = "Menu", "bt\Menu.csproj", "{DB135940-8619-4ED6-8DE0-0CE602A469CB}"
EndProject
Global
	GlobalSection(SolutionConfigurationPlatforms) = preSolution
		Debug|Any CPU = Debug|Any CPU
		Release|Any CPU = Release|Any CPU
	EndGlobalSection
	GlobalSection(ProjectConfigurationPlatforms) = postSolution
		{DB135940-8619-4ED6-8DE0-0CE602A469CB}.Debug|Any CPU.ActiveCfg = Debug|Any CPU
		{DB135940-8619-4ED6-8DE0-0CE602A469CB}.Debug|Any CPU.Build.0 = Debug|Any CPU
		{DB135940-8619-4ED6-8DE0-0CE602A469CB}.Release|Any CPU.ActiveCfg = Release|Any CPU
		{DB135940-8619-4ED6-8DE0-0CE602A469CB}.Release|Any CPU.Build.0 = Release|Any CPU
	EndGlobalSection
	GlobalSection(SolutionProperties) = preSolution
		HideSolutionNode = FALSE
	EndGlobalSection
EndGlobal
